{
  "name": "vanilla",
  "version": "1.0.0",
  "lockfileVersion": 3,
  "requires": true,
  "packages": {
    "": {
      "name": "vanilla",
      "version": "1.0.0",
      "license": "ISC",
      "dependencies": {
        "xregexp": "3.1.1"
      }
    },
    "node_modules/xregexp": {
      "version": "3.1.1",
      "resolved": "https://artylab.expedia.biz/api/npm/public-npm-virtual/xregexp/-/xregexp-3.1.1.tgz",
      "integrity": "sha512-QgixYeIgawBfiIDvVftZaqfAlrdR2AvZWGSkowrHBdPToGpaKvR2T4n+TTUBXpVQ/aMFdQGmX1C3u3X45dfycQ=="
    }
  }
}
